{
  "requires": true,
  "lockfileVersion": 1,
  "dependencies": {
    "@orchidjs/sifter": {
      "version": "1.1.0",
      "resolved": "https://registry.npmjs.org/@orchidjs/sifter/-/sifter-1.1.0.tgz",
      "integrity": "sha512-mYwHCfr736cIWWdhhSZvDbf90AKt2xyrJspKFC3qyIJG1LtrJeJunYEqCGG4Aq2ijENbc4WkOjszcvNaIAS/pQ==",
      "requires": {
        "@orchidjs/unicode-variants": "^1.1.2"
      }
    },
    "@orchidjs/unicode-variants": {
      "version": "1.1.2",
      "resolved": "https://registry.npmjs.org/@orchidjs/unicode-variants/-/unicode-variants-1.1.2.tgz",
      "integrity": "sha512-5DobW1CHgnBROOEpFlEXytED5OosEWESFvg/VYmH0143oXcijYTprRYJTs+55HzGM4IqxiLFSuqEzu9mPNwVsA=="
    },
    "ace-builds": {
      "version": "1.43.2",
      "resolved": "https://registry.npmjs.org/ace-builds/-/ace-builds-1.43.2.tgz",
      "integrity": "sha512-3wzJUJX0RpMc03jo0V8Q3bSb/cKPnS7Nqqw8fVHsCCHweKMiTIxT3fP46EhjmVy6MCuxwP801ere+RW245phGw=="
    },
    "chosen-js": {
      "version": "1.8.7",
      "resolved": "https://registry.npmjs.org/chosen-js/-/chosen-js-1.8.7.tgz",
      "integrity": "sha512-eVdrZJ2U5ISdObkgsi0od5vIJdLwq1P1Xa/Vj/mgxkMZf14DlgobfB6nrlFi3kW4kkvKLsKk4NDqZj1MU1DCpw=="
    },
    "lightbox2": {
      "version": "2.11.5",
      "resolved": "https://registry.npmjs.org/lightbox2/-/lightbox2-2.11.5.tgz",
      "integrity": "sha512-IsDqv/D9pjgh7GvwTNvmHF98+nrIcOD17fraXgtx8ivq469y95l5ycLi6SeZAZHdeyD3cGLjYwbDX8SRfWx5fA=="
    },
    "tom-select": {
      "version": "2.4.3",
      "resolved": "https://registry.npmjs.org/tom-select/-/tom-select-2.4.3.tgz",
      "integrity": "sha512-MFFrMxP1bpnAMPbdvPCZk0KwYxLqhYZso39torcdoefeV/NThNyDu8dV96/INJ5XQVTL3O55+GqQ78Pkj5oCfw==",
      "requires": {
        "@orchidjs/sifter": "^1.1.0",
        "@orchidjs/unicode-variants": "^1.1.2"
      }
    },
    "trumbowyg": {
      "version": "2.31.0",
      "resolved": "https://registry.npmjs.org/trumbowyg/-/trumbowyg-2.31.0.tgz",
      "integrity": "sha512-I+DMiluTpLDx3yn6LR0TIVR7xIOjgtBQmpEE6Ofd+2yl5ruzY63q/yA/DfBuRVxdK7yDYSBe9FXpVjM1P2NdtA=="
    }
  }
}
